// !$*UTF8*$!
{
	archiveVersion = 1;
	classes = {
	};
	objectVersion = 46;
	objects = {

/* Begin PBXBuildFile section */
		3D6DE68919F092F300B87BDF /* libboost_thread-mt.a in Frameworks */ = {isa = PBXBuildFile; fileRef = 3D6DE68519F078FD00B87BDF /* libboost_thread-mt.a */; };
		3D6DE68A19F092F300B87BDF /* libboost_system-mt.a in Frameworks */ = {isa = PBXBuildFile; fileRef = 3D6DE68319F078AE00B87BDF /* libboost_system-mt.a */; };
		3D6DE69119F16BE500B87BDF /* MaskedVector.h in Headers */ = {isa = PBXBuildFile; fileRef = 3D6DE68F19F16BE500B87BDF /* MaskedVector.h */; };
		3D9250BD1A07FC3A003255BF /* FileWrapperTests.cpp in Sources */ = {isa = PBXBuildFile; fileRef = 3D9250B81A07FC3A003255BF /* FileWrapperTests.cpp */; };
		3D9250BF1A07FC3A003255BF /* MaskedVectorTests.cpp in Sources */ = {isa = PBXBuildFile; fileRef = 3D9250BA1A07FC3A003255BF /* MaskedVectorTests.cpp */; };
		3D9250C01A07FC3A003255BF /* RandUtilsTests.cpp in Sources */ = {isa = PBXBuildFile; fileRef = 3D9250BB1A07FC3A003255BF /* RandUtilsTests.cpp */; };
		3D9250C11A07FC4D003255BF /* gtest.framework in Frameworks */ = {isa = PBXBuildFile; fileRef = 3D9808A419E8B7070016267F /* gtest.framework */; };
		3D9250C21A07FC54003255BF /* testfile.txt in CopyFiles */ = {isa = PBXBuildFile; fileRef = 3D9250BC1A07FC3A003255BF /* testfile.txt */; };
		3D9250C41A07FC8B003255BF /* main.cpp in Sources */ = {isa = PBXBuildFile; fileRef = 3D9250C31A07FC8B003255BF /* main.cpp */; };
		3D9250C71A07FD21003255BF /* libBkpClasses.a in Frameworks */ = {isa = PBXBuildFile; fileRef = 3D9808F819E9A0120016267F /* libBkpClasses.a */; };
		3D9250FB1A07FE92003255BF /* main.cpp in Sources */ = {isa = PBXBuildFile; fileRef = 3D9250FA1A07FE92003255BF /* main.cpp */; };
		3D9251011A07FEF9003255BF /* libHrfClasses.a in Frameworks */ = {isa = PBXBuildFile; fileRef = 3D9250E91A07FDE5003255BF /* libHrfClasses.a */; };
		3D92510E1A07FF9D003255BF /* libBkpClasses.a in Frameworks */ = {isa = PBXBuildFile; fileRef = 3D9808F819E9A0120016267F /* libBkpClasses.a */; };
		3D92510F1A080001003255BF /* gtest.framework in Frameworks */ = {isa = PBXBuildFile; fileRef = 3D9808A419E8B7070016267F /* gtest.framework */; };
		3D9251131A080174003255BF /* libHrfClasses.a in Frameworks */ = {isa = PBXBuildFile; fileRef = 3D9250E91A07FDE5003255BF /* libHrfClasses.a */; };
		3D9251261A0802E8003255BF /* AmsCalculator.cpp in Sources */ = {isa = PBXBuildFile; fileRef = 3D9251141A0802E8003255BF /* AmsCalculator.cpp */; };
		3D9251271A0802E8003255BF /* AmsCalculator.h in Headers */ = {isa = PBXBuildFile; fileRef = 3D9251151A0802E8003255BF /* AmsCalculator.h */; };
		3D9251281A0802E8003255BF /* Classifier.cpp in Sources */ = {isa = PBXBuildFile; fileRef = 3D9251161A0802E8003255BF /* Classifier.cpp */; };
		3D9251291A0802E8003255BF /* Classifier.h in Headers */ = {isa = PBXBuildFile; fileRef = 3D9251171A0802E8003255BF /* Classifier.h */; };
		3D92512A1A0802E8003255BF /* HiggsCsvRow.cpp in Sources */ = {isa = PBXBuildFile; fileRef = 3D9251181A0802E8003255BF /* HiggsCsvRow.cpp */; };
		3D92512B1A0802E8003255BF /* HiggsCsvRow.h in Headers */ = {isa = PBXBuildFile; fileRef = 3D9251191A0802E8003255BF /* HiggsCsvRow.h */; };
		3D92512C1A0802E8003255BF /* IScorer.cpp in Sources */ = {isa = PBXBuildFile; fileRef = 3D92511A1A0802E8003255BF /* IScorer.cpp */; };
		3D92512D1A0802E8003255BF /* IScorer.h in Headers */ = {isa = PBXBuildFile; fileRef = 3D92511B1A0802E8003255BF /* IScorer.h */; };
		3D92512E1A0802E8003255BF /* Parser.cpp in Sources */ = {isa = PBXBuildFile; fileRef = 3D92511C1A0802E8003255BF /* Parser.cpp */; };
		3D92512F1A0802E8003255BF /* Parser.h in Headers */ = {isa = PBXBuildFile; fileRef = 3D92511D1A0802E8003255BF /* Parser.h */; };
		3D9251301A0802E8003255BF /* ScoreAverager.cpp in Sources */ = {isa = PBXBuildFile; fileRef = 3D92511E1A0802E8003255BF /* ScoreAverager.cpp */; };
		3D9251311A0802E8003255BF /* ScoreAverager.h in Headers */ = {isa = PBXBuildFile; fileRef = 3D92511F1A0802E8003255BF /* ScoreAverager.h */; };
		3D9251321A0802E8003255BF /* Timer.cpp in Sources */ = {isa = PBXBuildFile; fileRef = 3D9251201A0802E8003255BF /* Timer.cpp */; };
		3D9251331A0802E8003255BF /* Timer.h in Headers */ = {isa = PBXBuildFile; fileRef = 3D9251211A0802E8003255BF /* Timer.h */; };
		3D9251341A0802E8003255BF /* Tree.cpp in Sources */ = {isa = PBXBuildFile; fileRef = 3D9251221A0802E8003255BF /* Tree.cpp */; };
		3D9251351A0802E8003255BF /* Tree.h in Headers */ = {isa = PBXBuildFile; fileRef = 3D9251231A0802E8003255BF /* Tree.h */; };
		3D9251361A0802E8003255BF /* TreeCreator.cpp in Sources */ = {isa = PBXBuildFile; fileRef = 3D9251241A0802E8003255BF /* TreeCreator.cpp */; };
		3D9251371A0802E8003255BF /* TreeCreator.h in Headers */ = {isa = PBXBuildFile; fileRef = 3D9251251A0802E8003255BF /* TreeCreator.h */; };
		3D92513D1A08033D003255BF /* libcsv_parser.cpp in Sources */ = {isa = PBXBuildFile; fileRef = 3D9251391A08033D003255BF /* libcsv_parser.cpp */; };
		3D92513E1A08033D003255BF /* libcsv_parser.h in Headers */ = {isa = PBXBuildFile; fileRef = 3D92513A1A08033D003255BF /* libcsv_parser.h */; };
		3D9251411A080613003255BF /* FmtDurationTests.cpp in Sources */ = {isa = PBXBuildFile; fileRef = 3D9251401A080613003255BF /* FmtDurationTests.cpp */; };
		3D9251441A080AC2003255BF /* DummyScorer.cpp in Sources */ = {isa = PBXBuildFile; fileRef = 3D9251421A080AC2003255BF /* DummyScorer.cpp */; };
		3D9251451A080AC2003255BF /* DummyScorer.h in Headers */ = {isa = PBXBuildFile; fileRef = 3D9251431A080AC2003255BF /* DummyScorer.h */; };
		3D9251471A080BE3003255BF /* DummyScorerTests.cpp in Sources */ = {isa = PBXBuildFile; fileRef = 3D9251461A080BE3003255BF /* DummyScorerTests.cpp */; };
		3D92514A1A080F92003255BF /* MockRows.cpp in Sources */ = {isa = PBXBuildFile; fileRef = 3D9251481A080F92003255BF /* MockRows.cpp */; };
		3D92514C1A0819DC003255BF /* AmsCalculatorTests.cpp in Sources */ = {isa = PBXBuildFile; fileRef = 3D92514B1A0819DC003255BF /* AmsCalculatorTests.cpp */; };
		3D92514E1A08681F003255BF /* ClassifierTests.cpp in Sources */ = {isa = PBXBuildFile; fileRef = 3D92514D1A08681F003255BF /* ClassifierTests.cpp */; };
		3D9251511A0869E8003255BF /* ScoreCacher.cpp in Sources */ = {isa = PBXBuildFile; fileRef = 3D92514F1A0869E8003255BF /* ScoreCacher.cpp */; };
		3D9251521A0869E8003255BF /* ScoreCacher.h in Headers */ = {isa = PBXBuildFile; fileRef = 3D9251501A0869E8003255BF /* ScoreCacher.h */; };
		3D9251551A086DB4003255BF /* ScoreCacherTests.cpp in Sources */ = {isa = PBXBuildFile; fileRef = 3D9251531A086DB4003255BF /* ScoreCacherTests.cpp */; };
		3D9251571A0880F9003255BF /* ScoreAveragerTests.cpp in Sources */ = {isa = PBXBuildFile; fileRef = 3D9251561A0880F9003255BF /* ScoreAveragerTests.cpp */; };
		3D9451761A016CA000F73BCA /* ding.mp3 in CopyFiles */ = {isa = PBXBuildFile; fileRef = 3D9451731A016C7A00F73BCA /* ding.mp3 */; };
		3D9451771A016CA000F73BCA /* ff7_win.mp3 in CopyFiles */ = {isa = PBXBuildFile; fileRef = 3D9451741A016C7A00F73BCA /* ff7_win.mp3 */; };
		3D9451781A016CA000F73BCA /* sadTrombone.mp3 in CopyFiles */ = {isa = PBXBuildFile; fileRef = 3D9451751A016C7A00F73BCA /* sadTrombone.mp3 */; };
		3D9451791A016CAA00F73BCA /* ding.mp3 in CopyFiles */ = {isa = PBXBuildFile; fileRef = 3D9451731A016C7A00F73BCA /* ding.mp3 */; };
		3D94517A1A016CAA00F73BCA /* ff7_win.mp3 in CopyFiles */ = {isa = PBXBuildFile; fileRef = 3D9451741A016C7A00F73BCA /* ff7_win.mp3 */; };
		3D94517B1A016CAA00F73BCA /* sadTrombone.mp3 in CopyFiles */ = {isa = PBXBuildFile; fileRef = 3D9451751A016C7A00F73BCA /* sadTrombone.mp3 */; };
		3D94517F1A01A23E00F73BCA /* FileWrapper.cpp in Sources */ = {isa = PBXBuildFile; fileRef = 3D94517D1A01A23E00F73BCA /* FileWrapper.cpp */; };
		3D9451801A01A23E00F73BCA /* FileWrapper.h in Headers */ = {isa = PBXBuildFile; fileRef = 3D94517E1A01A23E00F73BCA /* FileWrapper.h */; };
		3D9808EE19E98D080016267F /* main.cpp in Sources */ = {isa = PBXBuildFile; fileRef = 3D9808ED19E98D080016267F /* main.cpp */; };
		3D98091219E9A5F40016267F /* OperationCounter.cpp in Sources */ = {isa = PBXBuildFile; fileRef = 3D98090E19E9A5F40016267F /* OperationCounter.cpp */; };
		3D98091319E9A5F40016267F /* OperationCounter.h in Headers */ = {isa = PBXBuildFile; fileRef = 3D98090F19E9A5F40016267F /* OperationCounter.h */; };
		3D98091619E9A71B0016267F /* libBkpClasses.a in Frameworks */ = {isa = PBXBuildFile; fileRef = 3D9808F819E9A0120016267F /* libBkpClasses.a */; };
		3D98091C19E9A73D0016267F /* libBkpClasses.a in Frameworks */ = {isa = PBXBuildFile; fileRef = 3D9808F819E9A0120016267F /* libBkpClasses.a */; };
		3D9BE35519EF077B00536407 /* test.csv in CopyFiles */ = {isa = PBXBuildFile; fileRef = 3DEF930119DFBE1C00E1110F /* test.csv */; };
		3D9BE35819EF0FCF00536407 /* RandUtils.cpp in Sources */ = {isa = PBXBuildFile; fileRef = 3D9BE35619EF0FCF00536407 /* RandUtils.cpp */; };
		3D9BE35919EF0FCF00536407 /* RandUtils.h in Headers */ = {isa = PBXBuildFile; fileRef = 3D9BE35719EF0FCF00536407 /* RandUtils.h */; };
		3DB6728C1A09393D00967801 /* TreeTests.cpp in Sources */ = {isa = PBXBuildFile; fileRef = 3DB6728B1A09393D00967801 /* TreeTests.cpp */; };
		3DEF92F519DF867D00E1110F /* main.cpp in Sources */ = {isa = PBXBuildFile; fileRef = 3DEF92F419DF867D00E1110F /* main.cpp */; };
		3DEF930D19E0BB8500E1110F /* training.csv in CopyFiles */ = {isa = PBXBuildFile; fileRef = 3DEF930319DFBE1C00E1110F /* training.csv */; };
/* End PBXBuildFile section */

/* Begin PBXContainerItemProxy section */
		3D9250C51A07FD04003255BF /* PBXContainerItemProxy */ = {
			isa = PBXContainerItemProxy;
			containerPortal = 3DEF92E919DF867D00E1110F /* Project object */;
			proxyType = 1;
			remoteGlobalIDString = 3D9808F719E9A0120016267F;
			remoteInfo = BkpClasses;
		};
		3D9250FF1A07FEF0003255BF /* PBXContainerItemProxy */ = {
			isa = PBXContainerItemProxy;
			containerPortal = 3DEF92E919DF867D00E1110F /* Project object */;
			proxyType = 1;
			remoteGlobalIDString = 3D9250E81A07FDE5003255BF;
			remoteInfo = HrfClasses;
		};
		3D92510C1A07FF99003255BF /* PBXContainerItemProxy */ = {
			isa = PBXContainerItemProxy;
			containerPortal = 3DEF92E919DF867D00E1110F /* Project object */;
			proxyType = 1;
			remoteGlobalIDString = 3D9808F719E9A0120016267F;
			remoteInfo = BkpClasses;
		};
		3D9251111A080169003255BF /* PBXContainerItemProxy */ = {
			isa = PBXContainerItemProxy;
			containerPortal = 3DEF92E919DF867D00E1110F /* Project object */;
			proxyType = 1;
			remoteGlobalIDString = 3D9250E81A07FDE5003255BF;
			remoteInfo = HrfClasses;
		};
		3D98091719E9A7220016267F /* PBXContainerItemProxy */ = {
			isa = PBXContainerItemProxy;
			containerPortal = 3DEF92E919DF867D00E1110F /* Project object */;
			proxyType = 1;
			remoteGlobalIDString = 3D9808F719E9A0120016267F;
			remoteInfo = BkpClasses;
		};
		3D98091D19E9A7400016267F /* PBXContainerItemProxy */ = {
			isa = PBXContainerItemProxy;
			containerPortal = 3DEF92E919DF867D00E1110F /* Project object */;
			proxyType = 1;
			remoteGlobalIDString = 3D9808F719E9A0120016267F;
			remoteInfo = BkpClasses;
		};
/* End PBXContainerItemProxy section */

/* Begin PBXCopyFilesBuildPhase section */
		3D9250AF1A07FC09003255BF /* CopyFiles */ = {
			isa = PBXCopyFilesBuildPhase;
			buildActionMask = 12;
			dstPath = "";
			dstSubfolderSpec = 16;
			files = (
				3D9250C21A07FC54003255BF /* testfile.txt in CopyFiles */,
			);
			runOnlyForDeploymentPostprocessing = 0;
		};
		3D9250F61A07FE92003255BF /* CopyFiles */ = {
			isa = PBXCopyFilesBuildPhase;
			buildActionMask = 2147483647;
			dstPath = /usr/share/man/man1/;
			dstSubfolderSpec = 0;
			files = (
			);
			runOnlyForDeploymentPostprocessing = 1;
		};
		3D9808E919E98D080016267F /* CopyFiles */ = {
			isa = PBXCopyFilesBuildPhase;
			buildActionMask = 12;
			dstPath = data;
			dstSubfolderSpec = 16;
			files = (
				3D9451791A016CAA00F73BCA /* ding.mp3 in CopyFiles */,
				3D94517A1A016CAA00F73BCA /* ff7_win.mp3 in CopyFiles */,
				3D94517B1A016CAA00F73BCA /* sadTrombone.mp3 in CopyFiles */,
			);
			runOnlyForDeploymentPostprocessing = 0;
		};
		3DEF92EF19DF867D00E1110F /* CopyFiles */ = {
			isa = PBXCopyFilesBuildPhase;
			buildActionMask = 12;
			dstPath = data;
			dstSubfolderSpec = 16;
			files = (
				3DEF930D19E0BB8500E1110F /* training.csv in CopyFiles */,
				3D9BE35519EF077B00536407 /* test.csv in CopyFiles */,
				3D9451761A016CA000F73BCA /* ding.mp3 in CopyFiles */,
				3D9451771A016CA000F73BCA /* ff7_win.mp3 in CopyFiles */,
				3D9451781A016CA000F73BCA /* sadTrombone.mp3 in CopyFiles */,
			);
			runOnlyForDeploymentPostprocessing = 0;
		};
/* End PBXCopyFilesBuildPhase section */

/* Begin PBXFileReference section */
		3D6DE68319F078AE00B87BDF /* libboost_system-mt.a */ = {isa = PBXFileReference; lastKnownFileType = archive.ar; name = "libboost_system-mt.a"; path = "../../../../usr/local/lib/libboost_system-mt.a"; sourceTree = "<group>"; };
		3D6DE68519F078FD00B87BDF /* libboost_thread-mt.a */ = {isa = PBXFileReference; lastKnownFileType = archive.ar; name = "libboost_thread-mt.a"; path = "../../../../usr/local/lib/libboost_thread-mt.a"; sourceTree = "<group>"; };
		3D6DE68F19F16BE500B87BDF /* MaskedVector.h */ = {isa = PBXFileReference; fileEncoding = 4; lastKnownFileType = sourcecode.c.h; path = MaskedVector.h; sourceTree = "<group>"; };
		3D9250B11A07FC09003255BF /* BkpClassesTests */ = {isa = PBXFileReference; explicitFileType = "compiled.mach-o.executable"; includeInIndex = 0; path = BkpClassesTests; sourceTree = BUILT_PRODUCTS_DIR; };
		3D9250B81A07FC3A003255BF /* FileWrapperTests.cpp */ = {isa = PBXFileReference; fileEncoding = 4; lastKnownFileType = sourcecode.cpp.cpp; path = FileWrapperTests.cpp; sourceTree = "<group>"; };
		3D9250BA1A07FC3A003255BF /* MaskedVectorTests.cpp */ = {isa = PBXFileReference; fileEncoding = 4; lastKnownFileType = sourcecode.cpp.cpp; path = MaskedVectorTests.cpp; sourceTree = "<group>"; };
		3D9250BB1A07FC3A003255BF /* RandUtilsTests.cpp */ = {isa = PBXFileReference; fileEncoding = 4; lastKnownFileType = sourcecode.cpp.cpp; path = RandUtilsTests.cpp; sourceTree = "<group>"; };
		3D9250BC1A07FC3A003255BF /* testfile.txt */ = {isa = PBXFileReference; fileEncoding = 4; lastKnownFileType = text; path = testfile.txt; sourceTree = "<group>"; };
		3D9250C31A07FC8B003255BF /* main.cpp */ = {isa = PBXFileReference; fileEncoding = 4; lastKnownFileType = sourcecode.cpp.cpp; path = main.cpp; sourceTree = "<group>"; };
		3D9250E91A07FDE5003255BF /* libHrfClasses.a */ = {isa = PBXFileReference; explicitFileType = archive.ar; includeInIndex = 0; path = libHrfClasses.a; sourceTree = BUILT_PRODUCTS_DIR; };
		3D9250F81A07FE92003255BF /* HrfClassesTests */ = {isa = PBXFileReference; explicitFileType = "compiled.mach-o.executable"; includeInIndex = 0; path = HrfClassesTests; sourceTree = BUILT_PRODUCTS_DIR; };
		3D9250FA1A07FE92003255BF /* main.cpp */ = {isa = PBXFileReference; lastKnownFileType = sourcecode.cpp.cpp; path = main.cpp; sourceTree = "<group>"; };
		3D9251141A0802E8003255BF /* AmsCalculator.cpp */ = {isa = PBXFileReference; fileEncoding = 4; lastKnownFileType = sourcecode.cpp.cpp; path = AmsCalculator.cpp; sourceTree = "<group>"; };
		3D9251151A0802E8003255BF /* AmsCalculator.h */ = {isa = PBXFileReference; fileEncoding = 4; lastKnownFileType = sourcecode.c.h; path = AmsCalculator.h; sourceTree = "<group>"; };
		3D9251161A0802E8003255BF /* Classifier.cpp */ = {isa = PBXFileReference; fileEncoding = 4; lastKnownFileType = sourcecode.cpp.cpp; path = Classifier.cpp; sourceTree = "<group>"; };
		3D9251171A0802E8003255BF /* Classifier.h */ = {isa = PBXFileReference; fileEncoding = 4; lastKnownFileType = sourcecode.c.h; path = Classifier.h; sourceTree = "<group>"; };
		3D9251181A0802E8003255BF /* HiggsCsvRow.cpp */ = {isa = PBXFileReference; fileEncoding = 4; lastKnownFileType = sourcecode.cpp.cpp; path = HiggsCsvRow.cpp; sourceTree = "<group>"; };
		3D9251191A0802E8003255BF /* HiggsCsvRow.h */ = {isa = PBXFileReference; fileEncoding = 4; lastKnownFileType = sourcecode.c.h; path = HiggsCsvRow.h; sourceTree = "<group>"; };
		3D92511A1A0802E8003255BF /* IScorer.cpp */ = {isa = PBXFileReference; fileEncoding = 4; lastKnownFileType = sourcecode.cpp.cpp; path = IScorer.cpp; sourceTree = "<group>"; };
		3D92511B1A0802E8003255BF /* IScorer.h */ = {isa = PBXFileReference; fileEncoding = 4; lastKnownFileType = sourcecode.c.h; path = IScorer.h; sourceTree = "<group>"; };
		3D92511C1A0802E8003255BF /* Parser.cpp */ = {isa = PBXFileReference; fileEncoding = 4; lastKnownFileType = sourcecode.cpp.cpp; path = Parser.cpp; sourceTree = "<group>"; };
		3D92511D1A0802E8003255BF /* Parser.h */ = {isa = PBXFileReference; fileEncoding = 4; lastKnownFileType = sourcecode.c.h; path = Parser.h; sourceTree = "<group>"; };
		3D92511E1A0802E8003255BF /* ScoreAverager.cpp */ = {isa = PBXFileReference; fileEncoding = 4; lastKnownFileType = sourcecode.cpp.cpp; path = ScoreAverager.cpp; sourceTree = "<group>"; };
		3D92511F1A0802E8003255BF /* ScoreAverager.h */ = {isa = PBXFileReference; fileEncoding = 4; lastKnownFileType = sourcecode.c.h; path = ScoreAverager.h; sourceTree = "<group>"; };
		3D9251201A0802E8003255BF /* Timer.cpp */ = {isa = PBXFileReference; fileEncoding = 4; lastKnownFileType = sourcecode.cpp.cpp; path = Timer.cpp; sourceTree = "<group>"; };
		3D9251211A0802E8003255BF /* Timer.h */ = {isa = PBXFileReference; fileEncoding = 4; lastKnownFileType = sourcecode.c.h; path = Timer.h; sourceTree = "<group>"; };
		3D9251221A0802E8003255BF /* Tree.cpp */ = {isa = PBXFileReference; fileEncoding = 4; lastKnownFileType = sourcecode.cpp.cpp; path = Tree.cpp; sourceTree = "<group>"; };
		3D9251231A0802E8003255BF /* Tree.h */ = {isa = PBXFileReference; fileEncoding = 4; lastKnownFileType = sourcecode.c.h; path = Tree.h; sourceTree = "<group>"; };
		3D9251241A0802E8003255BF /* TreeCreator.cpp */ = {isa = PBXFileReference; fileEncoding = 4; lastKnownFileType = sourcecode.cpp.cpp; path = TreeCreator.cpp; sourceTree = "<group>"; };
		3D9251251A0802E8003255BF /* TreeCreator.h */ = {isa = PBXFileReference; fileEncoding = 4; lastKnownFileType = sourcecode.c.h; path = TreeCreator.h; sourceTree = "<group>"; };
		3D9251391A08033D003255BF /* libcsv_parser.cpp */ = {isa = PBXFileReference; fileEncoding = 4; lastKnownFileType = sourcecode.cpp.cpp; path = libcsv_parser.cpp; sourceTree = "<group>"; };
		3D92513A1A08033D003255BF /* libcsv_parser.h */ = {isa = PBXFileReference; fileEncoding = 4; lastKnownFileType = sourcecode.c.h; path = libcsv_parser.h; sourceTree = "<group>"; };
		3D92513C1A08033D003255BF /* csvreader.cpp */ = {isa = PBXFileReference; fileEncoding = 4; lastKnownFileType = sourcecode.cpp.cpp; path = csvreader.cpp; sourceTree = "<group>"; };
		3D9251401A080613003255BF /* FmtDurationTests.cpp */ = {isa = PBXFileReference; fileEncoding = 4; lastKnownFileType = sourcecode.cpp.cpp; path = FmtDurationTests.cpp; sourceTree = "<group>"; };
		3D9251421A080AC2003255BF /* DummyScorer.cpp */ = {isa = PBXFileReference; fileEncoding = 4; lastKnownFileType = sourcecode.cpp.cpp; path = DummyScorer.cpp; sourceTree = "<group>"; };
		3D9251431A080AC2003255BF /* DummyScorer.h */ = {isa = PBXFileReference; fileEncoding = 4; lastKnownFileType = sourcecode.c.h; path = DummyScorer.h; sourceTree = "<group>"; };
		3D9251461A080BE3003255BF /* DummyScorerTests.cpp */ = {isa = PBXFileReference; fileEncoding = 4; lastKnownFileType = sourcecode.cpp.cpp; path = DummyScorerTests.cpp; sourceTree = "<group>"; };
		3D9251481A080F92003255BF /* MockRows.cpp */ = {isa = PBXFileReference; fileEncoding = 4; lastKnownFileType = sourcecode.cpp.cpp; path = MockRows.cpp; sourceTree = "<group>"; };
		3D9251491A080F92003255BF /* MockRows.h */ = {isa = PBXFileReference; fileEncoding = 4; lastKnownFileType = sourcecode.c.h; path = MockRows.h; sourceTree = "<group>"; };
		3D92514B1A0819DC003255BF /* AmsCalculatorTests.cpp */ = {isa = PBXFileReference; fileEncoding = 4; lastKnownFileType = sourcecode.cpp.cpp; path = AmsCalculatorTests.cpp; sourceTree = "<group>"; };
		3D92514D1A08681F003255BF /* ClassifierTests.cpp */ = {isa = PBXFileReference; fileEncoding = 4; lastKnownFileType = sourcecode.cpp.cpp; path = ClassifierTests.cpp; sourceTree = "<group>"; };
		3D92514F1A0869E8003255BF /* ScoreCacher.cpp */ = {isa = PBXFileReference; fileEncoding = 4; lastKnownFileType = sourcecode.cpp.cpp; path = ScoreCacher.cpp; sourceTree = "<group>"; };
		3D9251501A0869E8003255BF /* ScoreCacher.h */ = {isa = PBXFileReference; fileEncoding = 4; lastKnownFileType = sourcecode.c.h; path = ScoreCacher.h; sourceTree = "<group>"; };
		3D9251531A086DB4003255BF /* ScoreCacherTests.cpp */ = {isa = PBXFileReference; fileEncoding = 4; lastKnownFileType = sourcecode.cpp.cpp; path = ScoreCacherTests.cpp; sourceTree = "<group>"; };
		3D9251561A0880F9003255BF /* ScoreAveragerTests.cpp */ = {isa = PBXFileReference; fileEncoding = 4; lastKnownFileType = sourcecode.cpp.cpp; path = ScoreAveragerTests.cpp; sourceTree = "<group>"; };
		3D9451731A016C7A00F73BCA /* ding.mp3 */ = {isa = PBXFileReference; lastKnownFileType = audio.mp3; path = ding.mp3; sourceTree = "<group>"; };
		3D9451741A016C7A00F73BCA /* ff7_win.mp3 */ = {isa = PBXFileReference; lastKnownFileType = audio.mp3; path = ff7_win.mp3; sourceTree = "<group>"; };
		3D9451751A016C7A00F73BCA /* sadTrombone.mp3 */ = {isa = PBXFileReference; lastKnownFileType = audio.mp3; path = sadTrombone.mp3; sourceTree = "<group>"; };
		3D94517D1A01A23E00F73BCA /* FileWrapper.cpp */ = {isa = PBXFileReference; fileEncoding = 4; lastKnownFileType = sourcecode.cpp.cpp; path = FileWrapper.cpp; sourceTree = "<group>"; };
		3D94517E1A01A23E00F73BCA /* FileWrapper.h */ = {isa = PBXFileReference; fileEncoding = 4; lastKnownFileType = sourcecode.c.h; path = FileWrapper.h; sourceTree = "<group>"; };
		3D9808A419E8B7070016267F /* gtest.framework */ = {isa = PBXFileReference; lastKnownFileType = wrapper.framework; path = gtest.framework; sourceTree = "<group>"; };
		3D9808EB19E98D080016267F /* Sandbox */ = {isa = PBXFileReference; explicitFileType = "compiled.mach-o.executable"; includeInIndex = 0; path = Sandbox; sourceTree = BUILT_PRODUCTS_DIR; };
		3D9808ED19E98D080016267F /* main.cpp */ = {isa = PBXFileReference; lastKnownFileType = sourcecode.cpp.cpp; path = main.cpp; sourceTree = "<group>"; };
		3D9808F819E9A0120016267F /* libBkpClasses.a */ = {isa = PBXFileReference; explicitFileType = archive.ar; includeInIndex = 0; path = libBkpClasses.a; sourceTree = BUILT_PRODUCTS_DIR; };
		3D98090E19E9A5F40016267F /* OperationCounter.cpp */ = {isa = PBXFileReference; fileEncoding = 4; lastKnownFileType = sourcecode.cpp.cpp; path = OperationCounter.cpp; sourceTree = "<group>"; };
		3D98090F19E9A5F40016267F /* OperationCounter.h */ = {isa = PBXFileReference; fileEncoding = 4; lastKnownFileType = sourcecode.c.h; path = OperationCounter.h; sourceTree = "<group>"; };
		3D9BE35619EF0FCF00536407 /* RandUtils.cpp */ = {isa = PBXFileReference; fileEncoding = 4; lastKnownFileType = sourcecode.cpp.cpp; path = RandUtils.cpp; sourceTree = "<group>"; };
		3D9BE35719EF0FCF00536407 /* RandUtils.h */ = {isa = PBXFileReference; fileEncoding = 4; lastKnownFileType = sourcecode.c.h; path = RandUtils.h; sourceTree = "<group>"; };
		3DB6728B1A09393D00967801 /* TreeTests.cpp */ = {isa = PBXFileReference; fileEncoding = 4; lastKnownFileType = sourcecode.cpp.cpp; path = TreeTests.cpp; sourceTree = "<group>"; };
		3DEF92F119DF867D00E1110F /* RandomForest++ */ = {isa = PBXFileReference; explicitFileType = "compiled.mach-o.executable"; includeInIndex = 0; path = "RandomForest++"; sourceTree = BUILT_PRODUCTS_DIR; };
		3DEF92F419DF867D00E1110F /* main.cpp */ = {isa = PBXFileReference; lastKnownFileType = sourcecode.cpp.cpp; path = main.cpp; sourceTree = "<group>"; };
		3DEF930119DFBE1C00E1110F /* test.csv */ = {isa = PBXFileReference; fileEncoding = 4; lastKnownFileType = text; path = test.csv; sourceTree = "<group>"; };
		3DEF930219DFBE1C00E1110F /* test.csv.zip */ = {isa = PBXFileReference; lastKnownFileType = archive.zip; path = test.csv.zip; sourceTree = "<group>"; };
		3DEF930319DFBE1C00E1110F /* training.csv */ = {isa = PBXFileReference; fileEncoding = 4; lastKnownFileType = text; path = training.csv; sourceTree = "<group>"; };
		3DEF930419DFBE1C00E1110F /* training.csv.zip */ = {isa = PBXFileReference; lastKnownFileType = archive.zip; path = training.csv.zip; sourceTree = "<group>"; };
/* End PBXFileReference section */

/* Begin PBXFrameworksBuildPhase section */
		3D9250AE1A07FC09003255BF /* Frameworks */ = {
			isa = PBXFrameworksBuildPhase;
			buildActionMask = 2147483647;
			files = (
				3D9250C11A07FC4D003255BF /* gtest.framework in Frameworks */,
				3D9250C71A07FD21003255BF /* libBkpClasses.a in Frameworks */,
			);
			runOnlyForDeploymentPostprocessing = 0;
		};
		3D9250E61A07FDE5003255BF /* Frameworks */ = {
			isa = PBXFrameworksBuildPhase;
			buildActionMask = 2147483647;
			files = (
				3D92510E1A07FF9D003255BF /* libBkpClasses.a in Frameworks */,
			);
			runOnlyForDeploymentPostprocessing = 0;
		};
		3D9250F51A07FE92003255BF /* Frameworks */ = {
			isa = PBXFrameworksBuildPhase;
			buildActionMask = 2147483647;
			files = (
				3D9251011A07FEF9003255BF /* libHrfClasses.a in Frameworks */,
				3D92510F1A080001003255BF /* gtest.framework in Frameworks */,
			);
			runOnlyForDeploymentPostprocessing = 0;
		};
		3D9808E819E98D080016267F /* Frameworks */ = {
			isa = PBXFrameworksBuildPhase;
			buildActionMask = 2147483647;
			files = (
				3D98091619E9A71B0016267F /* libBkpClasses.a in Frameworks */,
			);
			runOnlyForDeploymentPostprocessing = 0;
		};
		3D9808F519E9A0120016267F /* Frameworks */ = {
			isa = PBXFrameworksBuildPhase;
			buildActionMask = 2147483647;
			files = (
				3D6DE68919F092F300B87BDF /* libboost_thread-mt.a in Frameworks */,
				3D6DE68A19F092F300B87BDF /* libboost_system-mt.a in Frameworks */,
			);
			runOnlyForDeploymentPostprocessing = 0;
		};
		3DEF92EE19DF867D00E1110F /* Frameworks */ = {
			isa = PBXFrameworksBuildPhase;
			buildActionMask = 2147483647;
			files = (
				3D98091C19E9A73D0016267F /* libBkpClasses.a in Frameworks */,
				3D9251131A080174003255BF /* libHrfClasses.a in Frameworks */,
			);
			runOnlyForDeploymentPostprocessing = 0;
		};
/* End PBXFrameworksBuildPhase section */

/* Begin PBXGroup section */
		3D9250B21A07FC09003255BF /* BkpClassesTests */ = {
			isa = PBXGroup;
			children = (
				3D9250B81A07FC3A003255BF /* FileWrapperTests.cpp */,
				3D9250C31A07FC8B003255BF /* main.cpp */,
				3D9250BA1A07FC3A003255BF /* MaskedVectorTests.cpp */,
				3D9250BB1A07FC3A003255BF /* RandUtilsTests.cpp */,
				3D9250BC1A07FC3A003255BF /* testfile.txt */,
			);
			path = BkpClassesTests;
			sourceTree = "<group>";
		};
		3D9250EA1A07FDE5003255BF /* HrfClasses */ = {
			isa = PBXGroup;
			children = (
				3D9251381A08033D003255BF /* libs */,
				3D92513B1A08033D003255BF /* sample_code */,
				3D9251141A0802E8003255BF /* AmsCalculator.cpp */,
				3D9251151A0802E8003255BF /* AmsCalculator.h */,
				3D9251161A0802E8003255BF /* Classifier.cpp */,
				3D9251171A0802E8003255BF /* Classifier.h */,
				3D9251421A080AC2003255BF /* DummyScorer.cpp */,
				3D9251431A080AC2003255BF /* DummyScorer.h */,
				3D9251181A0802E8003255BF /* HiggsCsvRow.cpp */,
				3D9251191A0802E8003255BF /* HiggsCsvRow.h */,
				3D92511A1A0802E8003255BF /* IScorer.cpp */,
				3D92511B1A0802E8003255BF /* IScorer.h */,
				3D92511C1A0802E8003255BF /* Parser.cpp */,
				3D92511D1A0802E8003255BF /* Parser.h */,
				3D92511E1A0802E8003255BF /* ScoreAverager.cpp */,
				3D92511F1A0802E8003255BF /* ScoreAverager.h */,
				3D92514F1A0869E8003255BF /* ScoreCacher.cpp */,
				3D9251501A0869E8003255BF /* ScoreCacher.h */,
				3D9251201A0802E8003255BF /* Timer.cpp */,
				3D9251211A0802E8003255BF /* Timer.h */,
				3D9251221A0802E8003255BF /* Tree.cpp */,
				3D9251231A0802E8003255BF /* Tree.h */,
				3D9251241A0802E8003255BF /* TreeCreator.cpp */,
				3D9251251A0802E8003255BF /* TreeCreator.h */,
			);
			path = HrfClasses;
			sourceTree = "<group>";
		};
		3D9250F91A07FE92003255BF /* HrfClassesTests */ = {
			isa = PBXGroup;
			children = (
				3D92514B1A0819DC003255BF /* AmsCalculatorTests.cpp */,
				3D92514D1A08681F003255BF /* ClassifierTests.cpp */,
				3D9251461A080BE3003255BF /* DummyScorerTests.cpp */,
				3D9251401A080613003255BF /* FmtDurationTests.cpp */,
				3D9250FA1A07FE92003255BF /* main.cpp */,
				3D9251481A080F92003255BF /* MockRows.cpp */,
				3D9251491A080F92003255BF /* MockRows.h */,
				3D9251561A0880F9003255BF /* ScoreAveragerTests.cpp */,
				3D9251531A086DB4003255BF /* ScoreCacherTests.cpp */,
				3DB6728B1A09393D00967801 /* TreeTests.cpp */,
			);
			path = HrfClassesTests;
			sourceTree = "<group>";
		};
		3D9251381A08033D003255BF /* libs */ = {
			isa = PBXGroup;
			children = (
				3D9251391A08033D003255BF /* libcsv_parser.cpp */,
				3D92513A1A08033D003255BF /* libcsv_parser.h */,
			);
			path = libs;
			sourceTree = "<group>";
		};
		3D92513B1A08033D003255BF /* sample_code */ = {
			isa = PBXGroup;
			children = (
				3D92513C1A08033D003255BF /* csvreader.cpp */,
			);
			path = sample_code;
			sourceTree = "<group>";
		};
		3D9808EC19E98D080016267F /* Sandbox */ = {
			isa = PBXGroup;
			children = (
				3D9808ED19E98D080016267F /* main.cpp */,
			);
			path = Sandbox;
			sourceTree = "<group>";
		};
		3D9808F919E9A0130016267F /* BkpClasses */ = {
			isa = PBXGroup;
			children = (
				3D94517D1A01A23E00F73BCA /* FileWrapper.cpp */,
				3D94517E1A01A23E00F73BCA /* FileWrapper.h */,
				3D6DE68F19F16BE500B87BDF /* MaskedVector.h */,
				3D98090E19E9A5F40016267F /* OperationCounter.cpp */,
				3D98090F19E9A5F40016267F /* OperationCounter.h */,
				3D9BE35619EF0FCF00536407 /* RandUtils.cpp */,
				3D9BE35719EF0FCF00536407 /* RandUtils.h */,
			);
			path = BkpClasses;
			sourceTree = "<group>";
		};
		3DEF92E819DF867D00E1110F = {
			isa = PBXGroup;
			children = (
				3D6DE68519F078FD00B87BDF /* libboost_thread-mt.a */,
				3D6DE68319F078AE00B87BDF /* libboost_system-mt.a */,
				3D9808A419E8B7070016267F /* gtest.framework */,
				3DEF92F319DF867D00E1110F /* RandomForest++ */,
				3D9808EC19E98D080016267F /* Sandbox */,
				3D9808F919E9A0130016267F /* BkpClasses */,
				3D9250B21A07FC09003255BF /* BkpClassesTests */,
				3D9250EA1A07FDE5003255BF /* HrfClasses */,
				3D9250F91A07FE92003255BF /* HrfClassesTests */,
				3DEF92F219DF867D00E1110F /* Products */,
			);
			sourceTree = "<group>";
		};
		3DEF92F219DF867D00E1110F /* Products */ = {
			isa = PBXGroup;
			children = (
				3DEF92F119DF867D00E1110F /* RandomForest++ */,
				3D9808EB19E98D080016267F /* Sandbox */,
				3D9808F819E9A0120016267F /* libBkpClasses.a */,
				3D9250B11A07FC09003255BF /* BkpClassesTests */,
				3D9250E91A07FDE5003255BF /* libHrfClasses.a */,
				3D9250F81A07FE92003255BF /* HrfClassesTests */,
			);
			name = Products;
			sourceTree = "<group>";
		};
		3DEF92F319DF867D00E1110F /* RandomForest++ */ = {
			isa = PBXGroup;
			children = (
				3DEF930019DFBE1C00E1110F /* data */,
				3DEF92F419DF867D00E1110F /* main.cpp */,
			);
			path = "RandomForest++";
			sourceTree = "<group>";
		};
		3DEF930019DFBE1C00E1110F /* data */ = {
			isa = PBXGroup;
			children = (
				3D9451731A016C7A00F73BCA /* ding.mp3 */,
				3D9451741A016C7A00F73BCA /* ff7_win.mp3 */,
				3D9451751A016C7A00F73BCA /* sadTrombone.mp3 */,
				3DEF930119DFBE1C00E1110F /* test.csv */,
				3DEF930219DFBE1C00E1110F /* test.csv.zip */,
				3DEF930319DFBE1C00E1110F /* training.csv */,
				3DEF930419DFBE1C00E1110F /* training.csv.zip */,
			);
			path = data;
			sourceTree = "<group>";
		};
/* End PBXGroup section */

/* Begin PBXHeadersBuildPhase section */
		3D9250E71A07FDE5003255BF /* Headers */ = {
			isa = PBXHeadersBuildPhase;
			buildActionMask = 2147483647;
			files = (
				3D92513E1A08033D003255BF /* libcsv_parser.h in Headers */,
				3D9251521A0869E8003255BF /* ScoreCacher.h in Headers */,
				3D9251311A0802E8003255BF /* ScoreAverager.h in Headers */,
				3D9251271A0802E8003255BF /* AmsCalculator.h in Headers */,
				3D92512B1A0802E8003255BF /* HiggsCsvRow.h in Headers */,
				3D9251451A080AC2003255BF /* DummyScorer.h in Headers */,
				3D92512D1A0802E8003255BF /* IScorer.h in Headers */,
				3D9251371A0802E8003255BF /* TreeCreator.h in Headers */,
				3D9251351A0802E8003255BF /* Tree.h in Headers */,
				3D9251291A0802E8003255BF /* Classifier.h in Headers */,
				3D9251331A0802E8003255BF /* Timer.h in Headers */,
				3D92512F1A0802E8003255BF /* Parser.h in Headers */,
			);
			runOnlyForDeploymentPostprocessing = 0;
		};
		3D9808F619E9A0120016267F /* Headers */ = {
			isa = PBXHeadersBuildPhase;
			buildActionMask = 2147483647;
			files = (
				3D9451801A01A23E00F73BCA /* FileWrapper.h in Headers */,
				3D9BE35919EF0FCF00536407 /* RandUtils.h in Headers */,
				3D98091319E9A5F40016267F /* OperationCounter.h in Headers */,
				3D6DE69119F16BE500B87BDF /* MaskedVector.h in Headers */,
			);
			runOnlyForDeploymentPostprocessing = 0;
		};
/* End PBXHeadersBuildPhase section */

/* Begin PBXNativeTarget section */
		3D9250B01A07FC09003255BF /* BkpClassesTests */ = {
			isa = PBXNativeTarget;
			buildConfigurationList = 3D9250B51A07FC09003255BF /* Build configuration list for PBXNativeTarget "BkpClassesTests" */;
			buildPhases = (
				3D9250AD1A07FC09003255BF /* Sources */,
				3D9250AE1A07FC09003255BF /* Frameworks */,
				3D9250AF1A07FC09003255BF /* CopyFiles */,
			);
			buildRules = (
			);
			dependencies = (
				3D9250C61A07FD04003255BF /* PBXTargetDependency */,
			);
			name = BkpClassesTests;
			productName = BkpClassesTests;
			productReference = 3D9250B11A07FC09003255BF /* BkpClassesTests */;
			productType = "com.apple.product-type.tool";
		};
		3D9250E81A07FDE5003255BF /* HrfClasses */ = {
			isa = PBXNativeTarget;
			buildConfigurationList = 3D9250F11A07FDE5003255BF /* Build configuration list for PBXNativeTarget "HrfClasses" */;
			buildPhases = (
				3D9250E51A07FDE5003255BF /* Sources */,
				3D9250E61A07FDE5003255BF /* Frameworks */,
				3D9250E71A07FDE5003255BF /* Headers */,
			);
			buildRules = (
			);
			dependencies = (
				3D92510D1A07FF99003255BF /* PBXTargetDependency */,
			);
			name = HrfClasses;
			productName = HrfClasses;
			productReference = 3D9250E91A07FDE5003255BF /* libHrfClasses.a */;
			productType = "com.apple.product-type.library.static";
		};
		3D9250F71A07FE92003255BF /* HrfClassesTests */ = {
			isa = PBXNativeTarget;
			buildConfigurationList = 3D9250FC1A07FE92003255BF /* Build configuration list for PBXNativeTarget "HrfClassesTests" */;
			buildPhases = (
				3D9250F41A07FE92003255BF /* Sources */,
				3D9250F51A07FE92003255BF /* Frameworks */,
				3D9250F61A07FE92003255BF /* CopyFiles */,
			);
			buildRules = (
			);
			dependencies = (
				3D9251001A07FEF0003255BF /* PBXTargetDependency */,
			);
			name = HrfClassesTests;
			productName = HrfClassesTests;
			productReference = 3D9250F81A07FE92003255BF /* HrfClassesTests */;
			productType = "com.apple.product-type.tool";
		};
		3D9808EA19E98D080016267F /* Sandbox */ = {
			isa = PBXNativeTarget;
			buildConfigurationList = 3D9808EF19E98D080016267F /* Build configuration list for PBXNativeTarget "Sandbox" */;
			buildPhases = (
				3D9808E719E98D080016267F /* Sources */,
				3D9808E819E98D080016267F /* Frameworks */,
				3D9808E919E98D080016267F /* CopyFiles */,
			);
			buildRules = (
			);
			dependencies = (
				3D98091819E9A7220016267F /* PBXTargetDependency */,
			);
			name = Sandbox;
			productName = Sandbox;
			productReference = 3D9808EB19E98D080016267F /* Sandbox */;
			productType = "com.apple.product-type.tool";
		};
		3D9808F719E9A0120016267F /* BkpClasses */ = {
			isa = PBXNativeTarget;
			buildConfigurationList = 3D98090019E9A0130016267F /* Build configuration list for PBXNativeTarget "BkpClasses" */;
			buildPhases = (
				3D9808F419E9A0120016267F /* Sources */,
				3D9808F519E9A0120016267F /* Frameworks */,
				3D9808F619E9A0120016267F /* Headers */,
			);
			buildRules = (
			);
			dependencies = (
			);
			name = BkpClasses;
			productName = BkpClasses;
			productReference = 3D9808F819E9A0120016267F /* libBkpClasses.a */;
			productType = "com.apple.product-type.library.static";
		};
		3DEF92F019DF867D00E1110F /* RandomForest++ */ = {
			isa = PBXNativeTarget;
			buildConfigurationList = 3DEF92F819DF867D00E1110F /* Build configuration list for PBXNativeTarget "RandomForest++" */;
			buildPhases = (
				3DEF92ED19DF867D00E1110F /* Sources */,
				3DEF92EE19DF867D00E1110F /* Frameworks */,
				3DEF92EF19DF867D00E1110F /* CopyFiles */,
			);
			buildRules = (
			);
			dependencies = (
				3D98091E19E9A7400016267F /* PBXTargetDependency */,
				3D9251121A080169003255BF /* PBXTargetDependency */,
			);
			name = "RandomForest++";
			productName = "RandomForest++";
			productReference = 3DEF92F119DF867D00E1110F /* RandomForest++ */;
			productType = "com.apple.product-type.tool";
		};
/* End PBXNativeTarget section */

/* Begin PBXProject section */
		3DEF92E919DF867D00E1110F /* Project object */ = {
			isa = PBXProject;
			attributes = {
				LastUpgradeCheck = 0600;
				ORGANIZATIONNAME = "Brian Putnam";
				TargetAttributes = {
					3D9250B01A07FC09003255BF = {
						CreatedOnToolsVersion = 6.1;
					};
					3D9250E81A07FDE5003255BF = {
						CreatedOnToolsVersion = 6.1;
					};
					3D9250F71A07FE92003255BF = {
						CreatedOnToolsVersion = 6.1;
					};
					3D9808EA19E98D080016267F = {
						CreatedOnToolsVersion = 6.0.1;
					};
					3D9808F719E9A0120016267F = {
						CreatedOnToolsVersion = 6.0.1;
					};
					3DEF92F019DF867D00E1110F = {
						CreatedOnToolsVersion = 6.0.1;
					};
				};
			};
			buildConfigurationList = 3DEF92EC19DF867D00E1110F /* Build configuration list for PBXProject "RandomForest++" */;
			compatibilityVersion = "Xcode 3.2";
			developmentRegion = English;
			hasScannedForEncodings = 0;
			knownRegions = (
				en,
			);
			mainGroup = 3DEF92E819DF867D00E1110F;
			productRefGroup = 3DEF92F219DF867D00E1110F /* Products */;
			projectDirPath = "";
			projectRoot = "";
			targets = (
				3DEF92F019DF867D00E1110F /* RandomForest++ */,
				3D9808EA19E98D080016267F /* Sandbox */,
				3D9808F719E9A0120016267F /* BkpClasses */,
				3D9250B01A07FC09003255BF /* BkpClassesTests */,
				3D9250E81A07FDE5003255BF /* HrfClasses */,
				3D9250F71A07FE92003255BF /* HrfClassesTests */,
			);
		};
/* End PBXProject section */

/* Begin PBXSourcesBuildPhase section */
		3D9250AD1A07FC09003255BF /* Sources */ = {
			isa = PBXSourcesBuildPhase;
			buildActionMask = 2147483647;
			files = (
				3D9250C01A07FC3A003255BF /* RandUtilsTests.cpp in Sources */,
				3D9250BF1A07FC3A003255BF /* MaskedVectorTests.cpp in Sources */,
				3D9250BD1A07FC3A003255BF /* FileWrapperTests.cpp in Sources */,
				3D9250C41A07FC8B003255BF /* main.cpp in Sources */,
			);
			runOnlyForDeploymentPostprocessing = 0;
		};
		3D9250E51A07FDE5003255BF /* Sources */ = {
			isa = PBXSourcesBuildPhase;
			buildActionMask = 2147483647;
			files = (
				3D9251361A0802E8003255BF /* TreeCreator.cpp in Sources */,
				3D9251341A0802E8003255BF /* Tree.cpp in Sources */,
				3D92512C1A0802E8003255BF /* IScorer.cpp in Sources */,
				3D9251261A0802E8003255BF /* AmsCalculator.cpp in Sources */,
				3D9251441A080AC2003255BF /* DummyScorer.cpp in Sources */,
				3D9251321A0802E8003255BF /* Timer.cpp in Sources */,
				3D92512A1A0802E8003255BF /* HiggsCsvRow.cpp in Sources */,
				3D9251301A0802E8003255BF /* ScoreAverager.cpp in Sources */,
				3D92512E1A0802E8003255BF /* Parser.cpp in Sources */,
				3D9251281A0802E8003255BF /* Classifier.cpp in Sources */,
				3D9251511A0869E8003255BF /* ScoreCacher.cpp in Sources */,
				3D92513D1A08033D003255BF /* libcsv_parser.cpp in Sources */,
			);
			runOnlyForDeploymentPostprocessing = 0;
		};
		3D9250F41A07FE92003255BF /* Sources */ = {
			isa = PBXSourcesBuildPhase;
			buildActionMask = 2147483647;
			files = (
				3D9250FB1A07FE92003255BF /* main.cpp in Sources */,
				3DB6728C1A09393D00967801 /* TreeTests.cpp in Sources */,
				3D92514C1A0819DC003255BF /* AmsCalculatorTests.cpp in Sources */,
				3D92514E1A08681F003255BF /* ClassifierTests.cpp in Sources */,
				3D9251571A0880F9003255BF /* ScoreAveragerTests.cpp in Sources */,
				3D9251471A080BE3003255BF /* DummyScorerTests.cpp in Sources */,
				3D9251551A086DB4003255BF /* ScoreCacherTests.cpp in Sources */,
				3D92514A1A080F92003255BF /* MockRows.cpp in Sources */,
				3D9251411A080613003255BF /* FmtDurationTests.cpp in Sources */,
			);
			runOnlyForDeploymentPostprocessing = 0;
		};
		3D9808E719E98D080016267F /* Sources */ = {
			isa = PBXSourcesBuildPhase;
			buildActionMask = 2147483647;
			files = (
				3D9808EE19E98D080016267F /* main.cpp in Sources */,
			);
			runOnlyForDeploymentPostprocessing = 0;
		};
		3D9808F419E9A0120016267F /* Sources */ = {
			isa = PBXSourcesBuildPhase;
			buildActionMask = 2147483647;
			files = (
				3D9BE35819EF0FCF00536407 /* RandUtils.cpp in Sources */,
				3D94517F1A01A23E00F73BCA /* FileWrapper.cpp in Sources */,
				3D98091219E9A5F40016267F /* OperationCounter.cpp in Sources */,
			);
			runOnlyForDeploymentPostprocessing = 0;
		};
		3DEF92ED19DF867D00E1110F /* Sources */ = {
			isa = PBXSourcesBuildPhase;
			buildActionMask = 2147483647;
			files = (
				3DEF92F519DF867D00E1110F /* main.cpp in Sources */,
			);
			runOnlyForDeploymentPostprocessing = 0;
		};
/* End PBXSourcesBuildPhase section */

/* Begin PBXTargetDependency section */
		3D9250C61A07FD04003255BF /* PBXTargetDependency */ = {
			isa = PBXTargetDependency;
			target = 3D9808F719E9A0120016267F /* BkpClasses */;
			targetProxy = 3D9250C51A07FD04003255BF /* PBXContainerItemProxy */;
		};
		3D9251001A07FEF0003255BF /* PBXTargetDependency */ = {
			isa = PBXTargetDependency;
			target = 3D9250E81A07FDE5003255BF /* HrfClasses */;
			targetProxy = 3D9250FF1A07FEF0003255BF /* PBXContainerItemProxy */;
		};
		3D92510D1A07FF99003255BF /* PBXTargetDependency */ = {
			isa = PBXTargetDependency;
			target = 3D9808F719E9A0120016267F /* BkpClasses */;
			targetProxy = 3D92510C1A07FF99003255BF /* PBXContainerItemProxy */;
		};
		3D9251121A080169003255BF /* PBXTargetDependency */ = {
			isa = PBXTargetDependency;
			target = 3D9250E81A07FDE5003255BF /* HrfClasses */;
			targetProxy = 3D9251111A080169003255BF /* PBXContainerItemProxy */;
		};
		3D98091819E9A7220016267F /* PBXTargetDependency */ = {
			isa = PBXTargetDependency;
			target = 3D9808F719E9A0120016267F /* BkpClasses */;
			targetProxy = 3D98091719E9A7220016267F /* PBXContainerItemProxy */;
		};
		3D98091E19E9A7400016267F /* PBXTargetDependency */ = {
			isa = PBXTargetDependency;
			target = 3D9808F719E9A0120016267F /* BkpClasses */;
			targetProxy = 3D98091D19E9A7400016267F /* PBXContainerItemProxy */;
		};
/* End PBXTargetDependency section */

/* Begin XCBuildConfiguration section */
		3D9250B61A07FC09003255BF /* Debug */ = {
			isa = XCBuildConfiguration;
			buildSettings = {
				CLANG_CXX_LANGUAGE_STANDARD = "c++0x";
				FRAMEWORK_SEARCH_PATHS = (
					"$(inherited)",
					"$(PROJECT_DIR)",
				);
				GCC_PREPROCESSOR_DEFINITIONS = (
					"DEBUG=1",
					"$(inherited)",
				);
				HEADER_SEARCH_PATHS = (
					"$(inherited)",
					/Applications/Xcode.app/Contents/Developer/Toolchains/XcodeDefault.xctoolchain/usr/include,
					/usr/local/include,
				);
				LIBRARY_SEARCH_PATHS = /usr/local/lib;
				PRODUCT_NAME = "$(TARGET_NAME)";
			};
			name = Debug;
		};
		3D9250B71A07FC09003255BF /* Release */ = {
			isa = XCBuildConfiguration;
			buildSettings = {
				CLANG_CXX_LANGUAGE_STANDARD = "c++0x";
				FRAMEWORK_SEARCH_PATHS = (
					"$(inherited)",
					"$(PROJECT_DIR)",
				);
				HEADER_SEARCH_PATHS = (
					"$(inherited)",
					/Applications/Xcode.app/Contents/Developer/Toolchains/XcodeDefault.xctoolchain/usr/include,
					/usr/local/include,
				);
				LIBRARY_SEARCH_PATHS = /usr/local/lib;
				PRODUCT_NAME = "$(TARGET_NAME)";
			};
			name = Release;
		};
		3D9250F21A07FDE5003255BF /* Debug */ = {
			isa = XCBuildConfiguration;
			buildSettings = {
				EXECUTABLE_PREFIX = lib;
				GCC_ENABLE_CPP_EXCEPTIONS = YES;
				GCC_ENABLE_CPP_RTTI = YES;
				GCC_PREPROCESSOR_DEFINITIONS = (
					"DEBUG=1",
					"$(inherited)",
				);
				GCC_SYMBOLS_PRIVATE_EXTERN = NO;
				HEADER_SEARCH_PATHS = (
					"$(inherited)",
					/Applications/Xcode.app/Contents/Developer/Toolchains/XcodeDefault.xctoolchain/usr/include,
					/usr/local/include,
				);
				LIBRARY_SEARCH_PATHS = /usr/local/lib;
				PRODUCT_NAME = "$(TARGET_NAME)";
			};
			name = Debug;
		};
		3D9250F31A07FDE5003255BF /* Release */ = {
			isa = XCBuildConfiguration;
			buildSettings = {
				EXECUTABLE_PREFIX = lib;
				GCC_ENABLE_CPP_EXCEPTIONS = YES;
				GCC_ENABLE_CPP_RTTI = YES;
				GCC_SYMBOLS_PRIVATE_EXTERN = NO;
				HEADER_SEARCH_PATHS = (
					"$(inherited)",
					/Applications/Xcode.app/Contents/Developer/Toolchains/XcodeDefault.xctoolchain/usr/include,
					/usr/local/include,
				);
				LIBRARY_SEARCH_PATHS = /usr/local/lib;
				PRODUCT_NAME = "$(TARGET_NAME)";
			};
			name = Release;
		};
		3D9250FD1A07FE92003255BF /* Debug */ = {
			isa = XCBuildConfiguration;
			buildSettings = {
				FRAMEWORK_SEARCH_PATHS = (
					"$(inherited)",
					"$(PROJECT_DIR)",
				);
				GCC_PREPROCESSOR_DEFINITIONS = (
					"DEBUG=1",
					"$(inherited)",
				);
				HEADER_SEARCH_PATHS = (
					"$(inherited)",
					/Applications/Xcode.app/Contents/Developer/Toolchains/XcodeDefault.xctoolchain/usr/include,
					/usr/local/include,
				);
				LIBRARY_SEARCH_PATHS = /usr/local/lib;
				PRODUCT_NAME = "$(TARGET_NAME)";
			};
			name = Debug;
		};
		3D9250FE1A07FE92003255BF /* Release */ = {
			isa = XCBuildConfiguration;
			buildSettings = {
				FRAMEWORK_SEARCH_PATHS = (
					"$(inherited)",
					"$(PROJECT_DIR)",
				);
				HEADER_SEARCH_PATHS = (
					"$(inherited)",
					/Applications/Xcode.app/Contents/Developer/Toolchains/XcodeDefault.xctoolchain/usr/include,
					/usr/local/include,
				);
				LIBRARY_SEARCH_PATHS = /usr/local/lib;
				PRODUCT_NAME = "$(TARGET_NAME)";
			};
			name = Release;
		};
		3D9808F019E98D080016267F /* Debug */ = {
			isa = XCBuildConfiguration;
			buildSettings = {
				CLANG_CXX_LIBRARY = "libc++";
				GCC_PREPROCESSOR_DEFINITIONS = (
					"DEBUG=1",
					"$(inherited)",
				);
				HEADER_SEARCH_PATHS = (
					"$(inherited)",
					/Applications/Xcode.app/Contents/Developer/Toolchains/XcodeDefault.xctoolchain/usr/include,
					/usr/local/include,
				);
				LIBRARY_SEARCH_PATHS = (
					"$(inherited)",
					"$(PROJECT_DIR)",
					/usr/local/lib,
				);
				PRODUCT_NAME = "$(TARGET_NAME)";
			};
			name = Debug;
		};
		3D9808F119E98D080016267F /* Release */ = {
			isa = XCBuildConfiguration;
			buildSettings = {
				CLANG_CXX_LIBRARY = "libc++";
				HEADER_SEARCH_PATHS = (
					"$(inherited)",
					/Applications/Xcode.app/Contents/Developer/Toolchains/XcodeDefault.xctoolchain/usr/include,
					/usr/local/include,
				);
				LIBRARY_SEARCH_PATHS = (
					"$(inherited)",
					"$(PROJECT_DIR)",
					/usr/local/lib,
				);
				PRODUCT_NAME = "$(TARGET_NAME)";
			};
			name = Release;
		};
		3D98090119E9A0130016267F /* Debug */ = {
			isa = XCBuildConfiguration;
			buildSettings = {
				EXECUTABLE_PREFIX = lib;
				GCC_ENABLE_CPP_EXCEPTIONS = YES;
				GCC_ENABLE_CPP_RTTI = YES;
				GCC_PREPROCESSOR_DEFINITIONS = (
					"DEBUG=1",
					"$(inherited)",
				);
				GCC_SYMBOLS_PRIVATE_EXTERN = NO;
				HEADER_SEARCH_PATHS = (
					"$(inherited)",
					/Applications/Xcode.app/Contents/Developer/Toolchains/XcodeDefault.xctoolchain/usr/include,
					/usr/local/include,
				);
				LIBRARY_SEARCH_PATHS = (
					"$(inherited)",
					"$(PROJECT_DIR)",
					/usr/local/lib,
				);
				PRODUCT_NAME = "$(TARGET_NAME)";
			};
			name = Debug;
		};
		3D98090219E9A0130016267F /* Release */ = {
			isa = XCBuildConfiguration;
			buildSettings = {
				EXECUTABLE_PREFIX = lib;
				GCC_ENABLE_CPP_EXCEPTIONS = YES;
				GCC_ENABLE_CPP_RTTI = YES;
				GCC_SYMBOLS_PRIVATE_EXTERN = NO;
				HEADER_SEARCH_PATHS = (
					"$(inherited)",
					/Applications/Xcode.app/Contents/Developer/Toolchains/XcodeDefault.xctoolchain/usr/include,
					/usr/local/include,
				);
				LIBRARY_SEARCH_PATHS = (
					"$(inherited)",
					"$(PROJECT_DIR)",
					/usr/local/lib,
				);
				PRODUCT_NAME = "$(TARGET_NAME)";
			};
			name = Release;
		};
		3DEF92F619DF867D00E1110F /* Debug */ = {
			isa = XCBuildConfiguration;
			buildSettings = {
				ALWAYS_SEARCH_USER_PATHS = NO;
				CLANG_CXX_LANGUAGE_STANDARD = "gnu++0x";
				CLANG_CXX_LIBRARY = "libc++";
				CLANG_ENABLE_MODULES = YES;
				CLANG_ENABLE_OBJC_ARC = YES;
				CLANG_WARN_BOOL_CONVERSION = YES;
				CLANG_WARN_CONSTANT_CONVERSION = YES;
				CLANG_WARN_DIRECT_OBJC_ISA_USAGE = YES_ERROR;
				CLANG_WARN_EMPTY_BODY = YES;
				CLANG_WARN_ENUM_CONVERSION = YES;
				CLANG_WARN_INT_CONVERSION = YES;
				CLANG_WARN_OBJC_ROOT_CLASS = YES_ERROR;
				CLANG_WARN_UNREACHABLE_CODE = YES;
				CLANG_WARN__DUPLICATE_METHOD_MATCH = YES;
				COPY_PHASE_STRIP = NO;
				ENABLE_STRICT_OBJC_MSGSEND = YES;
				GCC_C_LANGUAGE_STANDARD = gnu99;
				GCC_DYNAMIC_NO_PIC = NO;
				GCC_OPTIMIZATION_LEVEL = 0;
				GCC_PREPROCESSOR_DEFINITIONS = (
					"DEBUG=1",
					"$(inherited)",
				);
				GCC_SYMBOLS_PRIVATE_EXTERN = NO;
				GCC_WARN_64_TO_32_BIT_CONVERSION = YES;
				GCC_WARN_ABOUT_RETURN_TYPE = YES_ERROR;
				GCC_WARN_UNDECLARED_SELECTOR = YES;
				GCC_WARN_UNINITIALIZED_AUTOS = YES_AGGRESSIVE;
				GCC_WARN_UNUSED_FUNCTION = YES;
				GCC_WARN_UNUSED_VARIABLE = YES;
				MACOSX_DEPLOYMENT_TARGET = 10.9;
				MTL_ENABLE_DEBUG_INFO = YES;
				ONLY_ACTIVE_ARCH = YES;
				SDKROOT = macosx;
			};
			name = Debug;
		};
		3DEF92F719DF867D00E1110F /* Release */ = {
			isa = XCBuildConfiguration;
			buildSettings = {
				ALWAYS_SEARCH_USER_PATHS = NO;
				CLANG_CXX_LANGUAGE_STANDARD = "gnu++0x";
				CLANG_CXX_LIBRARY = "libc++";
				CLANG_ENABLE_MODULES = YES;
				CLANG_ENABLE_OBJC_ARC = YES;
				CLANG_WARN_BOOL_CONVERSION = YES;
				CLANG_WARN_CONSTANT_CONVERSION = YES;
				CLANG_WARN_DIRECT_OBJC_ISA_USAGE = YES_ERROR;
				CLANG_WARN_EMPTY_BODY = YES;
				CLANG_WARN_ENUM_CONVERSION = YES;
				CLANG_WARN_INT_CONVERSION = YES;
				CLANG_WARN_OBJC_ROOT_CLASS = YES_ERROR;
				CLANG_WARN_UNREACHABLE_CODE = YES;
				CLANG_WARN__DUPLICATE_METHOD_MATCH = YES;
				COPY_PHASE_STRIP = YES;
				DEBUG_INFORMATION_FORMAT = "dwarf-with-dsym";
				ENABLE_NS_ASSERTIONS = NO;
				ENABLE_STRICT_OBJC_MSGSEND = YES;
				GCC_C_LANGUAGE_STANDARD = gnu99;
				GCC_WARN_64_TO_32_BIT_CONVERSION = YES;
				GCC_WARN_ABOUT_RETURN_TYPE = YES_ERROR;
				GCC_WARN_UNDECLARED_SELECTOR = YES;
				GCC_WARN_UNINITIALIZED_AUTOS = YES_AGGRESSIVE;
				GCC_WARN_UNUSED_FUNCTION = YES;
				GCC_WARN_UNUSED_VARIABLE = YES;
				MACOSX_DEPLOYMENT_TARGET = 10.9;
				MTL_ENABLE_DEBUG_INFO = NO;
				SDKROOT = macosx;
			};
			name = Release;
		};
		3DEF92F919DF867D00E1110F /* Debug */ = {
			isa = XCBuildConfiguration;
			buildSettings = {
				CLANG_CXX_LIBRARY = "libc++";
				HEADER_SEARCH_PATHS = (
					"$(inherited)",
					/Applications/Xcode.app/Contents/Developer/Toolchains/XcodeDefault.xctoolchain/usr/include,
					/usr/local/include,
				);
				LIBRARY_SEARCH_PATHS = (
					"$(inherited)",
					"$(PROJECT_DIR)",
				);
				PRODUCT_NAME = "$(TARGET_NAME)";
			};
			name = Debug;
		};
		3DEF92FA19DF867D00E1110F /* Release */ = {
			isa = XCBuildConfiguration;
			buildSettings = {
				CLANG_CXX_LIBRARY = "libc++";
				HEADER_SEARCH_PATHS = (
					"$(inherited)",
					/Applications/Xcode.app/Contents/Developer/Toolchains/XcodeDefault.xctoolchain/usr/include,
					/usr/local/include,
				);
				LIBRARY_SEARCH_PATHS = (
					"$(inherited)",
					"$(PROJECT_DIR)",
				);
				PRODUCT_NAME = "$(TARGET_NAME)";
			};
			name = Release;
		};
/* End XCBuildConfiguration section */

/* Begin XCConfigurationList section */
		3D9250B51A07FC09003255BF /* Build configuration list for PBXNativeTarget "BkpClassesTests" */ = {
			isa = XCConfigurationList;
			buildConfigurations = (
				3D9250B61A07FC09003255BF /* Debug */,
				3D9250B71A07FC09003255BF /* Release */,
			);
			defaultConfigurationIsVisible = 0;
			defaultConfigurationName = Release;
		};
		3D9250F11A07FDE5003255BF /* Build configuration list for PBXNativeTarget "HrfClasses" */ = {
			isa = XCConfigurationList;
			buildConfigurations = (
				3D9250F21A07FDE5003255BF /* Debug */,
				3D9250F31A07FDE5003255BF /* Release */,
			);
			defaultConfigurationIsVisible = 0;
			defaultConfigurationName = Release;
		};
		3D9250FC1A07FE92003255BF /* Build configuration list for PBXNativeTarget "HrfClassesTests" */ = {
			isa = XCConfigurationList;
			buildConfigurations = (
				3D9250FD1A07FE92003255BF /* Debug */,
				3D9250FE1A07FE92003255BF /* Release */,
			);
			defaultConfigurationIsVisible = 0;
			defaultConfigurationName = Release;
		};
		3D9808EF19E98D080016267F /* Build configuration list for PBXNativeTarget "Sandbox" */ = {
			isa = XCConfigurationList;
			buildConfigurations = (
				3D9808F019E98D080016267F /* Debug */,
				3D9808F119E98D080016267F /* Release */,
			);
			defaultConfigurationIsVisible = 0;
			defaultConfigurationName = Release;
		};
		3D98090019E9A0130016267F /* Build configuration list for PBXNativeTarget "BkpClasses" */ = {
			isa = XCConfigurationList;
			buildConfigurations = (
				3D98090119E9A0130016267F /* Debug */,
				3D98090219E9A0130016267F /* Release */,
			);
			defaultConfigurationIsVisible = 0;
			defaultConfigurationName = Release;
		};
		3DEF92EC19DF867D00E1110F /* Build configuration list for PBXProject "RandomForest++" */ = {
			isa = XCConfigurationList;
			buildConfigurations = (
				3DEF92F619DF867D00E1110F /* Debug */,
				3DEF92F719DF867D00E1110F /* Release */,
			);
			defaultConfigurationIsVisible = 0;
			defaultConfigurationName = Release;
		};
		3DEF92F819DF867D00E1110F /* Build configuration list for PBXNativeTarget "RandomForest++" */ = {
			isa = XCConfigurationList;
			buildConfigurations = (
				3DEF92F919DF867D00E1110F /* Debug */,
				3DEF92FA19DF867D00E1110F /* Release */,
			);
			defaultConfigurationIsVisible = 0;
			defaultConfigurationName = Release;
		};
/* End XCConfigurationList section */
	};
	rootObject = 3DEF92E919DF867D00E1110F /* Project object */;
}
